
Microsoft Visual Studio Solution File, Format Version 12.00
# Visual Studio Version 16
VisualStudioVersion = 16.0.30114.105
MinimumVisualStudioVersion = 10.0.40219.1
Project("{8BC9CEB8-8B4A-11D0-8D11-00A0C91BC942}") = "BizTelework", "BizTelework\BizTelework.vcxproj", "{608AED64-E668-44BD-9D0D-890140E166BA}"
	ProjectSection(ProjectDependencies) = postProject
		{99353413-417A-43A7-867D-E2DC9DE05893} = {99353413-417A-43A7-867D-E2DC9DE05893}
		{5CB6F764-98B8-47CE-BFF5-055FA97D9B5A} = {5CB6F764-98B8-47CE-BFF5-055FA97D9B5A}
		{53E41FAD-EE06-4DA5-AECA-69AFE547F175} = {53E41FAD-EE06-4DA5-AECA-69AFE547F175}
		{EDBCE2CA-9877-4A15-87BA-9E6E18D43FCD} = {EDBCE2CA-9877-4A15-87BA-9E6E18D43FCD}
	EndProjectSection
EndProject
Project("{8BC9CEB8-8B4A-11D0-8D11-00A0C91BC942}") = "Library", "Library\Library.vcxproj", "{FC2D85FD-B355-4651-BB7F-60553DE95B71}"
	ProjectSection(ProjectDependencies) = postProject
		{EDBCE2CA-9877-4A15-87BA-9E6E18D43FCD} = {EDBCE2CA-9877-4A15-87BA-9E6E18D43FCD}
	EndProjectSection
EndProject
Project("{2150E333-8FDC-42A3-9474-1A3956D46DE8}") = "Testing", "Testing", "{EAE7664A-F488-4B9A-B041-6F1B9C9D129F}"
EndProject
Project("{8BC9CEB8-8B4A-11D0-8D11-00A0C91BC942}") = "UnitTestLib", "UnitTestLib\UnitTestLib.vcxproj", "{9E2AD0EA-57C4-4882-8A7B-0C44E0645091}"
	ProjectSection(ProjectDependencies) = postProject
		{EDBCE2CA-9877-4A15-87BA-9E6E18D43FCD} = {EDBCE2CA-9877-4A15-87BA-9E6E18D43FCD}
	EndProjectSection
EndProject
Project("{8BC9CEB8-8B4A-11D0-8D11-00A0C91BC942}") = "BizTeleworkHook", "BizTeleworkHook\BizTeleworkHook.vcxproj", "{EDBCE2CA-9877-4A15-87BA-9E6E18D43FCD}"
EndProject
Project("{930C7802-8A8C-48F9-8165-68863BCCD9DD}") = "BizTeleworkMsi", "BizTeleworkMsi\BizTeleworkMsi.wixproj", "{134455A1-9C40-4EC7-BA82-BE68B79D4E6B}"
	ProjectSection(ProjectDependencies) = postProject
		{5CB6F764-98B8-47CE-BFF5-055FA97D9B5A} = {5CB6F764-98B8-47CE-BFF5-055FA97D9B5A}
		{B393D37A-EEA9-45DA-A912-80FEAB93C82D} = {B393D37A-EEA9-45DA-A912-80FEAB93C82D}
		{53E41FAD-EE06-4DA5-AECA-69AFE547F175} = {53E41FAD-EE06-4DA5-AECA-69AFE547F175}
		{EDBCE2CA-9877-4A15-87BA-9E6E18D43FCD} = {EDBCE2CA-9877-4A15-87BA-9E6E18D43FCD}
	EndProjectSection
EndProject
Project("{2150E333-8FDC-42A3-9474-1A3956D46DE8}") = "Language", "Language", "{EBF9C552-E9A7-44F3-9F78-C2354D78DA9A}"
EndProject
Project("{8BC9CEB8-8B4A-11D0-8D11-00A0C91BC942}") = "LanguageEn", "Language\LanguageEn\LanguageEn.vcxproj", "{5CB6F764-98B8-47CE-BFF5-055FA97D9B5A}"
EndProject
Project("{8BC9CEB8-8B4A-11D0-8D11-00A0C91BC942}") = "LanguageJa", "Language\LanguageJa\LanguageJa.vcxproj", "{53E41FAD-EE06-4DA5-AECA-69AFE547F175}"
EndProject
Project("{8BC9CEB8-8B4A-11D0-8D11-00A0C91BC942}") = "UnitTestBizTelework", "UnitTestBizTelework\UnitTestBizTelework.vcxproj", "{8C00EEFC-5C00-4D92-B2BC-64DB5F8F5156}"
	ProjectSection(ProjectDependencies) = postProject
		{99353413-417A-43A7-867D-E2DC9DE05893} = {99353413-417A-43A7-867D-E2DC9DE05893}
		{EDBCE2CA-9877-4A15-87BA-9E6E18D43FCD} = {EDBCE2CA-9877-4A15-87BA-9E6E18D43FCD}
		{FC2D85FD-B355-4651-BB7F-60553DE95B71} = {FC2D85FD-B355-4651-BB7F-60553DE95B71}
	EndProjectSection
EndProject
Project("{8BC9CEB8-8B4A-11D0-8D11-00A0C91BC942}") = "BizTeleworkUpdater", "BizTeleworkUpdater\BizTeleworkUpdater.vcxproj", "{B393D37A-EEA9-45DA-A912-80FEAB93C82D}"
	ProjectSection(ProjectDependencies) = postProject
		{99353413-417A-43A7-867D-E2DC9DE05893} = {99353413-417A-43A7-867D-E2DC9DE05893}
		{FC2D85FD-B355-4651-BB7F-60553DE95B71} = {FC2D85FD-B355-4651-BB7F-60553DE95B71}
	EndProjectSection
EndProject
Project("{8BC9CEB8-8B4A-11D0-8D11-00A0C91BC942}") = "UnitTestBizTeleworkUpdater", "UnitTestBizTeleworkUpdater\UnitTestBizTeleworkUpdater.vcxproj", "{146A2EA3-5EBF-45FB-B24A-9C94E002B837}"
	ProjectSection(ProjectDependencies) = postProject
		{763FAD02-390B-4B9D-8EDC-617866BAA00E} = {763FAD02-390B-4B9D-8EDC-617866BAA00E}
		{99353413-417A-43A7-867D-E2DC9DE05893} = {99353413-417A-43A7-867D-E2DC9DE05893}
		{FC2D85FD-B355-4651-BB7F-60553DE95B71} = {FC2D85FD-B355-4651-BB7F-60553DE95B71}
	EndProjectSection
EndProject
Project("{2150E333-8FDC-42A3-9474-1A3956D46DE8}") = "TestingResource", "TestingResource", "{E66EC280-2DE1-40A3-A0B0-5EDD1630DCA7}"
EndProject
Project("{930C7802-8A8C-48F9-8165-68863BCCD9DD}") = "MsiForTesting", "MsiForTesting\MsiForTesting.wixproj", "{763FAD02-390B-4B9D-8EDC-617866BAA00E}"
EndProject
Project("{8BC9CEB8-8B4A-11D0-8D11-00A0C91BC942}") = "BizTeleworkUpdaterRpc", "BizTeleworkUpdaterRpc\BizTeleworkUpdaterRpc.vcxproj", "{99353413-417A-43A7-867D-E2DC9DE05893}"
EndProject
Global
	GlobalSection(SolutionConfigurationPlatforms) = preSolution
		Debug|x64 = Debug|x64
		Debug|x86 = Debug|x86
		Release|x64 = Release|x64
		Release|x86 = Release|x86
	EndGlobalSection
	GlobalSection(ProjectConfigurationPlatforms) = postSolution
		{608AED64-E668-44BD-9D0D-890140E166BA}.Debug|x64.ActiveCfg = Debug|x64
		{608AED64-E668-44BD-9D0D-890140E166BA}.Debug|x64.Build.0 = Debug|x64
		{608AED64-E668-44BD-9D0D-890140E166BA}.Debug|x86.ActiveCfg = Debug|Win32
		{608AED64-E668-44BD-9D0D-890140E166BA}.Debug|x86.Build.0 = Debug|Win32
		{608AED64-E668-44BD-9D0D-890140E166BA}.Release|x64.ActiveCfg = Release|x64
		{608AED64-E668-44BD-9D0D-890140E166BA}.Release|x64.Build.0 = Release|x64
		{608AED64-E668-44BD-9D0D-890140E166BA}.Release|x86.ActiveCfg = Release|Win32
		{608AED64-E668-44BD-9D0D-890140E166BA}.Release|x86.Build.0 = Release|Win32
		{FC2D85FD-B355-4651-BB7F-60553DE95B71}.Debug|x64.ActiveCfg = Debug|x64
		{FC2D85FD-B355-4651-BB7F-60553DE95B71}.Debug|x64.Build.0 = Debug|x64
		{FC2D85FD-B355-4651-BB7F-60553DE95B71}.Debug|x86.ActiveCfg = Debug|Win32
		{FC2D85FD-B355-4651-BB7F-60553DE95B71}.Debug|x86.Build.0 = Debug|Win32
		{FC2D85FD-B355-4651-BB7F-60553DE95B71}.Release|x64.ActiveCfg = Release|x64
		{FC2D85FD-B355-4651-BB7F-60553DE95B71}.Release|x64.Build.0 = Release|x64
		{FC2D85FD-B355-4651-BB7F-60553DE95B71}.Release|x86.ActiveCfg = Release|Win32
		{FC2D85FD-B355-4651-BB7F-60553DE95B71}.Release|x86.Build.0 = Release|Win32
		{9E2AD0EA-57C4-4882-8A7B-0C44E0645091}.Debug|x64.ActiveCfg = Debug|x64
		{9E2AD0EA-57C4-4882-8A7B-0C44E0645091}.Debug|x64.Build.0 = Debug|x64
		{9E2AD0EA-57C4-4882-8A7B-0C44E0645091}.Debug|x86.ActiveCfg = Debug|Win32
		{9E2AD0EA-57C4-4882-8A7B-0C44E0645091}.Debug|x86.Build.0 = Debug|Win32
		{9E2AD0EA-57C4-4882-8A7B-0C44E0645091}.Release|x64.ActiveCfg = Release|x64
		{9E2AD0EA-57C4-4882-8A7B-0C44E0645091}.Release|x64.Build.0 = Release|x64
		{9E2AD0EA-57C4-4882-8A7B-0C44E0645091}.Release|x86.ActiveCfg = Release|Win32
		{9E2AD0EA-57C4-4882-8A7B-0C44E0645091}.Release|x86.Build.0 = Release|Win32
		{EDBCE2CA-9877-4A15-87BA-9E6E18D43FCD}.Debug|x64.ActiveCfg = Debug|x64
		{EDBCE2CA-9877-4A15-87BA-9E6E18D43FCD}.Debug|x64.Build.0 = Debug|x64
		{EDBCE2CA-9877-4A15-87BA-9E6E18D43FCD}.Debug|x86.ActiveCfg = Debug|Win32
		{EDBCE2CA-9877-4A15-87BA-9E6E18D43FCD}.Debug|x86.Build.0 = Debug|Win32
		{EDBCE2CA-9877-4A15-87BA-9E6E18D43FCD}.Release|x64.ActiveCfg = Release|x64
		{EDBCE2CA-9877-4A15-87BA-9E6E18D43FCD}.Release|x64.Build.0 = Release|x64
		{EDBCE2CA-9877-4A15-87BA-9E6E18D43FCD}.Release|x86.ActiveCfg = Release|Win32
		{EDBCE2CA-9877-4A15-87BA-9E6E18D43FCD}.Release|x86.Build.0 = Release|Win32
		{134455A1-9C40-4EC7-BA82-BE68B79D4E6B}.Debug|x64.ActiveCfg = Debug|x64
		{134455A1-9C40-4EC7-BA82-BE68B79D4E6B}.Debug|x64.Build.0 = Debug|x64
		{134455A1-9C40-4EC7-BA82-BE68B79D4E6B}.Debug|x86.ActiveCfg = Debug|x86
		{134455A1-9C40-4EC7-BA82-BE68B79D4E6B}.Debug|x86.Build.0 = Debug|x86
		{134455A1-9C40-4EC7-BA82-BE68B79D4E6B}.Release|x64.ActiveCfg = Release|x64
		{134455A1-9C40-4EC7-BA82-BE68B79D4E6B}.Release|x64.Build.0 = Release|x64
		{134455A1-9C40-4EC7-BA82-BE68B79D4E6B}.Release|x86.ActiveCfg = Release|x86
		{134455A1-9C40-4EC7-BA82-BE68B79D4E6B}.Release|x86.Build.0 = Release|x86
		{5CB6F764-98B8-47CE-BFF5-055FA97D9B5A}.Debug|x64.ActiveCfg = Debug|x64
		{5CB6F764-98B8-47CE-BFF5-055FA97D9B5A}.Debug|x64.Build.0 = Debug|x64
		{5CB6F764-98B8-47CE-BFF5-055FA97D9B5A}.Debug|x86.ActiveCfg = Debug|Win32
		{5CB6F764-98B8-47CE-BFF5-055FA97D9B5A}.Debug|x86.Build.0 = Debug|Win32
		{5CB6F764-98B8-47CE-BFF5-055FA97D9B5A}.Release|x64.ActiveCfg = Release|x64
		{5CB6F764-98B8-47CE-BFF5-055FA97D9B5A}.Release|x64.Build.0 = Release|x64
		{5CB6F764-98B8-47CE-BFF5-055FA97D9B5A}.Release|x86.ActiveCfg = Release|Win32
		{5CB6F764-98B8-47CE-BFF5-055FA97D9B5A}.Release|x86.Build.0 = Release|Win32
		{53E41FAD-EE06-4DA5-AECA-69AFE547F175}.Debug|x64.ActiveCfg = Debug|x64
		{53E41FAD-EE06-4DA5-AECA-69AFE547F175}.Debug|x64.Build.0 = Debug|x64
		{53E41FAD-EE06-4DA5-AECA-69AFE547F175}.Debug|x86.ActiveCfg = Debug|Win32
		{53E41FAD-EE06-4DA5-AECA-69AFE547F175}.Debug|x86.Build.0 = Debug|Win32
		{53E41FAD-EE06-4DA5-AECA-69AFE547F175}.Release|x64.ActiveCfg = Release|x64
		{53E41FAD-EE06-4DA5-AECA-69AFE547F175}.Release|x64.Build.0 = Release|x64
		{53E41FAD-EE06-4DA5-AECA-69AFE547F175}.Release|x86.ActiveCfg = Release|Win32
		{53E41FAD-EE06-4DA5-AECA-69AFE547F175}.Release|x86.Build.0 = Release|Win32
		{8C00EEFC-5C00-4D92-B2BC-64DB5F8F5156}.Debug|x64.ActiveCfg = Debug|x64
		{8C00EEFC-5C00-4D92-B2BC-64DB5F8F5156}.Debug|x64.Build.0 = Debug|x64
		{8C00EEFC-5C00-4D92-B2BC-64DB5F8F5156}.Debug|x86.ActiveCfg = Debug|Win32
		{8C00EEFC-5C00-4D92-B2BC-64DB5F8F5156}.Debug|x86.Build.0 = Debug|Win32
		{8C00EEFC-5C00-4D92-B2BC-64DB5F8F5156}.Release|x64.ActiveCfg = Release|x64
		{8C00EEFC-5C00-4D92-B2BC-64DB5F8F5156}.Release|x64.Build.0 = Release|x64
		{8C00EEFC-5C00-4D92-B2BC-64DB5F8F5156}.Release|x86.ActiveCfg = Release|Win32
		{8C00EEFC-5C00-4D92-B2BC-64DB5F8F5156}.Release|x86.Build.0 = Release|Win32
		{B393D37A-EEA9-45DA-A912-80FEAB93C82D}.Debug|x64.ActiveCfg = Debug|x64
		{B393D37A-EEA9-45DA-A912-80FEAB93C82D}.Debug|x64.Build.0 = Debug|x64
		{B393D37A-EEA9-45DA-A912-80FEAB93C82D}.Debug|x86.ActiveCfg = Debug|Win32
		{B393D37A-EEA9-45DA-A912-80FEAB93C82D}.Debug|x86.Build.0 = Debug|Win32
		{B393D37A-EEA9-45DA-A912-80FEAB93C82D}.Release|x64.ActiveCfg = Release|x64
		{B393D37A-EEA9-45DA-A912-80FEAB93C82D}.Release|x64.Build.0 = Release|x64
		{B393D37A-EEA9-45DA-A912-80FEAB93C82D}.Release|x86.ActiveCfg = Release|Win32
		{B393D37A-EEA9-45DA-A912-80FEAB93C82D}.Release|x86.Build.0 = Release|Win32
		{146A2EA3-5EBF-45FB-B24A-9C94E002B837}.Debug|x64.ActiveCfg = Debug|x64
		{146A2EA3-5EBF-45FB-B24A-9C94E002B837}.Debug|x64.Build.0 = Debug|x64
		{146A2EA3-5EBF-45FB-B24A-9C94E002B837}.Debug|x86.ActiveCfg = Debug|Win32
		{146A2EA3-5EBF-45FB-B24A-9C94E002B837}.Debug|x86.Build.0 = Debug|Win32
		{146A2EA3-5EBF-45FB-B24A-9C94E002B837}.Release|x64.ActiveCfg = Release|x64
		{146A2EA3-5EBF-45FB-B24A-9C94E002B837}.Release|x64.Build.0 = Release|x64
		{146A2EA3-5EBF-45FB-B24A-9C94E002B837}.Release|x86.ActiveCfg = Release|Win32
		{146A2EA3-5EBF-45FB-B24A-9C94E002B837}.Release|x86.Build.0 = Release|Win32
		{763FAD02-390B-4B9D-8EDC-617866BAA00E}.Debug|x64.ActiveCfg = Debug|x64
		{763FAD02-390B-4B9D-8EDC-617866BAA00E}.Debug|x64.Build.0 = Debug|x64
		{763FAD02-390B-4B9D-8EDC-617866BAA00E}.Debug|x86.ActiveCfg = Debug|x86
		{763FAD02-390B-4B9D-8EDC-617866BAA00E}.Debug|x86.Build.0 = Debug|x86
		{763FAD02-390B-4B9D-8EDC-617866BAA00E}.Release|x64.ActiveCfg = Release|x64
		{763FAD02-390B-4B9D-8EDC-617866BAA00E}.Release|x64.Build.0 = Release|x64
		{763FAD02-390B-4B9D-8EDC-617866BAA00E}.Release|x86.ActiveCfg = Release|x86
		{763FAD02-390B-4B9D-8EDC-617866BAA00E}.Release|x86.Build.0 = Release|x86
		{99353413-417A-43A7-867D-E2DC9DE05893}.Debug|x64.ActiveCfg = Debug|x64
		{99353413-417A-43A7-867D-E2DC9DE05893}.Debug|x64.Build.0 = Debug|x64
		{99353413-417A-43A7-867D-E2DC9DE05893}.Debug|x86.ActiveCfg = Debug|Win32
		{99353413-417A-43A7-867D-E2DC9DE05893}.Debug|x86.Build.0 = Debug|Win32
		{99353413-417A-43A7-867D-E2DC9DE05893}.Release|x64.ActiveCfg = Release|x64
		{99353413-417A-43A7-867D-E2DC9DE05893}.Release|x64.Build.0 = Release|x64
		{99353413-417A-43A7-867D-E2DC9DE05893}.Release|x86.ActiveCfg = Release|Win32
		{99353413-417A-43A7-867D-E2DC9DE05893}.Release|x86.Build.0 = Release|Win32
	EndGlobalSection
	GlobalSection(SolutionProperties) = preSolution
		HideSolutionNode = FALSE
	EndGlobalSection
	GlobalSection(NestedProjects) = preSolution
		{9E2AD0EA-57C4-4882-8A7B-0C44E0645091} = {EAE7664A-F488-4B9A-B041-6F1B9C9D129F}
		{5CB6F764-98B8-47CE-BFF5-055FA97D9B5A} = {EBF9C552-E9A7-44F3-9F78-C2354D78DA9A}
		{53E41FAD-EE06-4DA5-AECA-69AFE547F175} = {EBF9C552-E9A7-44F3-9F78-C2354D78DA9A}
		{8C00EEFC-5C00-4D92-B2BC-64DB5F8F5156} = {EAE7664A-F488-4B9A-B041-6F1B9C9D129F}
		{146A2EA3-5EBF-45FB-B24A-9C94E002B837} = {EAE7664A-F488-4B9A-B041-6F1B9C9D129F}
		{E66EC280-2DE1-40A3-A0B0-5EDD1630DCA7} = {EAE7664A-F488-4B9A-B041-6F1B9C9D129F}
		{763FAD02-390B-4B9D-8EDC-617866BAA00E} = {E66EC280-2DE1-40A3-A0B0-5EDD1630DCA7}
	EndGlobalSection
	GlobalSection(ExtensibilityGlobals) = postSolution
		SolutionGuid = {FACDB0D3-B548-4E51-8BF6-4C2B35560300}
	EndGlobalSection
EndGlobal
