
Microsoft Visual Studio Solution File, Format Version 12.00
# Visual Studio 14
VisualStudioVersion = 14.0.25420.1
MinimumVisualStudioVersion = 10.0.40219.1
Project("{8BC9CEB8-8B4A-11D0-8D11-00A0C91BC942}") = "MainLibrary", "MainLibrary\MainLibrary.vcxproj", "{5F6BC29F-7D84-4A7C-A48E-9752F6D84E33}"
EndProject
Project("{8BC9CEB8-8B4A-11D0-8D11-00A0C91BC942}") = "WMService", "WMService\WMService.vcxproj", "{8C614F0A-3A1F-4BBE-82A2-A09F0828CE3A}"
EndProject
Project("{8BC9CEB8-8B4A-11D0-8D11-00A0C91BC942}") = "WMHook", "WMHook\WMHook.vcxproj", "{96133502-2FA1-4A37-BA3C-105F9BEB623D}"
EndProject
Project("{2150E333-8FDC-42A3-9474-1A3956D46DE8}") = "DevTest", "DevTest", "{AF458962-7170-44CD-AF17-AF365C5EC1BD}"
EndProject
Project("{8BC9CEB8-8B4A-11D0-8D11-00A0C91BC942}") = "CodeTestCPP", "CodeTestCPP\CodeTestCPP.vcxproj", "{11824EC7-040E-4B69-87E7-E106C400BF83}"
EndProject
Project("{8BC9CEB8-8B4A-11D0-8D11-00A0C91BC942}") = "WMClient", "WMClient\WMClient.vcxproj", "{9215C95F-0E86-4C44-A89B-8F328753CDB9}"
EndProject
Global
	GlobalSection(SolutionConfigurationPlatforms) = preSolution
		Debug|x64 = Debug|x64
		Debug|x86 = Debug|x86
		Release|x64 = Release|x64
		Release|x86 = Release|x86
	EndGlobalSection
	GlobalSection(ProjectConfigurationPlatforms) = postSolution
		{5F6BC29F-7D84-4A7C-A48E-9752F6D84E33}.Debug|x64.ActiveCfg = Debug|x64
		{5F6BC29F-7D84-4A7C-A48E-9752F6D84E33}.Debug|x64.Build.0 = Debug|x64
		{5F6BC29F-7D84-4A7C-A48E-9752F6D84E33}.Debug|x86.ActiveCfg = Debug|Win32
		{5F6BC29F-7D84-4A7C-A48E-9752F6D84E33}.Debug|x86.Build.0 = Debug|Win32
		{5F6BC29F-7D84-4A7C-A48E-9752F6D84E33}.Release|x64.ActiveCfg = Release|x64
		{5F6BC29F-7D84-4A7C-A48E-9752F6D84E33}.Release|x64.Build.0 = Release|x64
		{5F6BC29F-7D84-4A7C-A48E-9752F6D84E33}.Release|x86.ActiveCfg = Release|Win32
		{5F6BC29F-7D84-4A7C-A48E-9752F6D84E33}.Release|x86.Build.0 = Release|Win32
		{8C614F0A-3A1F-4BBE-82A2-A09F0828CE3A}.Debug|x64.ActiveCfg = Debug|x64
		{8C614F0A-3A1F-4BBE-82A2-A09F0828CE3A}.Debug|x64.Build.0 = Debug|x64
		{8C614F0A-3A1F-4BBE-82A2-A09F0828CE3A}.Debug|x86.ActiveCfg = Debug|Win32
		{8C614F0A-3A1F-4BBE-82A2-A09F0828CE3A}.Debug|x86.Build.0 = Debug|Win32
		{8C614F0A-3A1F-4BBE-82A2-A09F0828CE3A}.Release|x64.ActiveCfg = Release|x64
		{8C614F0A-3A1F-4BBE-82A2-A09F0828CE3A}.Release|x64.Build.0 = Release|x64
		{8C614F0A-3A1F-4BBE-82A2-A09F0828CE3A}.Release|x86.ActiveCfg = Release|Win32
		{8C614F0A-3A1F-4BBE-82A2-A09F0828CE3A}.Release|x86.Build.0 = Release|Win32
		{96133502-2FA1-4A37-BA3C-105F9BEB623D}.Debug|x64.ActiveCfg = Debug|x64
		{96133502-2FA1-4A37-BA3C-105F9BEB623D}.Debug|x64.Build.0 = Debug|x64
		{96133502-2FA1-4A37-BA3C-105F9BEB623D}.Debug|x86.ActiveCfg = Debug|Win32
		{96133502-2FA1-4A37-BA3C-105F9BEB623D}.Debug|x86.Build.0 = Debug|Win32
		{96133502-2FA1-4A37-BA3C-105F9BEB623D}.Release|x64.ActiveCfg = Release|x64
		{96133502-2FA1-4A37-BA3C-105F9BEB623D}.Release|x64.Build.0 = Release|x64
		{96133502-2FA1-4A37-BA3C-105F9BEB623D}.Release|x86.ActiveCfg = Release|Win32
		{96133502-2FA1-4A37-BA3C-105F9BEB623D}.Release|x86.Build.0 = Release|Win32
		{11824EC7-040E-4B69-87E7-E106C400BF83}.Debug|x64.ActiveCfg = Debug|x64
		{11824EC7-040E-4B69-87E7-E106C400BF83}.Debug|x64.Build.0 = Debug|x64
		{11824EC7-040E-4B69-87E7-E106C400BF83}.Debug|x86.ActiveCfg = Debug|Win32
		{11824EC7-040E-4B69-87E7-E106C400BF83}.Debug|x86.Build.0 = Debug|Win32
		{11824EC7-040E-4B69-87E7-E106C400BF83}.Release|x64.ActiveCfg = Release|x64
		{11824EC7-040E-4B69-87E7-E106C400BF83}.Release|x64.Build.0 = Release|x64
		{11824EC7-040E-4B69-87E7-E106C400BF83}.Release|x86.ActiveCfg = Release|Win32
		{11824EC7-040E-4B69-87E7-E106C400BF83}.Release|x86.Build.0 = Release|Win32
		{9215C95F-0E86-4C44-A89B-8F328753CDB9}.Debug|x64.ActiveCfg = Debug|x64
		{9215C95F-0E86-4C44-A89B-8F328753CDB9}.Debug|x64.Build.0 = Debug|x64
		{9215C95F-0E86-4C44-A89B-8F328753CDB9}.Debug|x86.ActiveCfg = Debug|Win32
		{9215C95F-0E86-4C44-A89B-8F328753CDB9}.Debug|x86.Build.0 = Debug|Win32
		{9215C95F-0E86-4C44-A89B-8F328753CDB9}.Release|x64.ActiveCfg = Release|x64
		{9215C95F-0E86-4C44-A89B-8F328753CDB9}.Release|x64.Build.0 = Release|x64
		{9215C95F-0E86-4C44-A89B-8F328753CDB9}.Release|x86.ActiveCfg = Release|Win32
		{9215C95F-0E86-4C44-A89B-8F328753CDB9}.Release|x86.Build.0 = Release|Win32
	EndGlobalSection
	GlobalSection(SolutionProperties) = preSolution
		HideSolutionNode = FALSE
	EndGlobalSection
	GlobalSection(NestedProjects) = preSolution
		{11824EC7-040E-4B69-87E7-E106C400BF83} = {AF458962-7170-44CD-AF17-AF365C5EC1BD}
	EndGlobalSection
EndGlobal
