<?xml version="1.0" encoding="utf-8"?>
<Project ToolsVersion="4.0" xmlns="http://schemas.microsoft.com/developer/msbuild/2003">
  <ItemGroup>
    <Filter Include="Source Files">
      <UniqueIdentifier>{4FC737F1-C7A5-4376-A066-2A32D752A2FF}</UniqueIdentifier>
      <Extensions>cpp;c;cc;cxx;def;odl;idl;hpj;bat;asm;asmx</Extensions>
    </Filter>
    <Filter Include="Header Files">
      <UniqueIdentifier>{93995380-89BD-4b04-88EB-625FBE52EBFB}</UniqueIdentifier>
      <Extensions>h;hh;hpp;hxx;hm;inl;inc;ipp;xsd</Extensions>
    </Filter>
    <Filter Include="Resource Files">
      <UniqueIdentifier>{67DA6AB6-F800-4c08-8B7A-83BB121AAD01}</UniqueIdentifier>
      <Extensions>rc;ico;cur;bmp;dlg;rc2;rct;bin;rgs;gif;jpg;jpeg;jpe;resx;tiff;tif;png;wav;mfcribbon-ms</Extensions>
    </Filter>
    <Filter Include="BizTelework">
      <UniqueIdentifier>{aaa78a06-541e-41d1-a080-2e2030ccc9a2}</UniqueIdentifier>
    </Filter>
    <Filter Include="BizTelework\Source Files">
      <UniqueIdentifier>{6305a802-8136-4c2b-a427-166922ff86ff}</UniqueIdentifier>
    </Filter>
    <Filter Include="Header Files\gen">
      <UniqueIdentifier>{348e2966-812b-415a-849d-20fbba4a72c7}</UniqueIdentifier>
    </Filter>
    <Filter Include="BizTelework\Source Files\gen">
      <UniqueIdentifier>{c0706b03-176d-4e4f-8b69-a913ef8c04d5}</UniqueIdentifier>
    </Filter>
  </ItemGroup>
  <ItemGroup>
    <ClCompile Include="main.cpp">
      <Filter>Source Files</Filter>
    </ClCompile>
    <ClCompile Include="pch.cpp">
      <Filter>Source Files</Filter>
    </ClCompile>
    <ClCompile Include="TestBizTeleworkMainWindow.cpp">
      <Filter>Source Files</Filter>
    </ClCompile>
    <ClCompile Include="..\BizTelework\BizTeleworkMainWindow.cpp">
      <Filter>BizTelework\Source Files</Filter>
    </ClCompile>
    <ClCompile Include="..\BizTelework\BizTeleworkMainWindowDependency.cpp">
      <Filter>BizTelework\Source Files</Filter>
    </ClCompile>
    <ClCompile Include="..\BizTelework\BizTeleworkDialogDependency.cpp">
      <Filter>BizTelework\Source Files</Filter>
    </ClCompile>
    <ClCompile Include="WinAppForTest.cpp">
      <Filter>Source Files</Filter>
    </ClCompile>
    <ClCompile Include="..\BizTelework\BizTeleworkDialogUtility.cpp">
      <Filter>BizTelework\Source Files</Filter>
    </ClCompile>
    <ClCompile Include="..\BizTelework\BizTeleworkDependency.cpp">
      <Filter>BizTelework\Source Files</Filter>
    </ClCompile>
    <ClCompile Include="..\BizTelework\BizTeleworkFailedCallApiDialog.cpp">
      <Filter>BizTelework\Source Files</Filter>
    </ClCompile>
    <ClCompile Include="..\BizTelework\BizTeleworkOffDutyDialog.cpp">
      <Filter>BizTelework\Source Files</Filter>
    </ClCompile>
    <ClCompile Include="..\BizTelework\BizTeleworkOnDutyDialog.cpp">
      <Filter>BizTelework\Source Files</Filter>
    </ClCompile>
    <ClCompile Include="TestBizTeleworkOnDutyDialog.cpp">
      <Filter>Source Files</Filter>
    </ClCompile>
    <ClCompile Include="TestErrorDialogType.cpp">
      <Filter>Source Files</Filter>
    </ClCompile>
    <ClCompile Include="..\BizTelework\BizTeleworkHealthStatusDialog.cpp">
      <Filter>BizTelework\Source Files</Filter>
    </ClCompile>
    <ClCompile Include="TestBizTeleworkHealthStatusDialog.cpp">
      <Filter>Source Files</Filter>
    </ClCompile>
    <ClCompile Include="..\BizTelework\BizTeleworkDayOffVerifyDialog.cpp">
      <Filter>BizTelework\Source Files</Filter>
    </ClCompile>
    <ClCompile Include="TestBizTeleworkDayOffVerifyDialog.cpp">
      <Filter>Source Files</Filter>
    </ClCompile>
    <ClCompile Include="TestBizTeleworkDependency.cpp">
      <Filter>Source Files</Filter>
    </ClCompile>
    <ClCompile Include="..\BizTelework\BizTeleworkAuthenticationDialog.cpp">
      <Filter>BizTelework\Source Files</Filter>
    </ClCompile>
    <ClCompile Include="TestBizTeleworkAuthenticationDialog.cpp">
      <Filter>Source Files</Filter>
    </ClCompile>
    <ClCompile Include="TestBizTeleworkDependency.cpp">
      <Filter>Source Files</Filter>
    </ClCompile>
    <ClCompile Include="TestBizTeleworkUpdaterRpcTaskRunner.cpp">
      <Filter>Source Files</Filter>
    </ClCompile>
    <ClCompile Include="..\BizTelework\BizTeleworkUpdaterRpcTaskRunner.cpp">
      <Filter>BizTelework\Source Files</Filter>
    </ClCompile>
    <ClCompile Include="..\BizTelework\BizTeleworkUpdaterRpcClient.cpp">
      <Filter>BizTelework\Source Files</Filter>
    </ClCompile>
    <ClCompile Include="..\BizTeleworkUpdaterRpc\gen\$(PlatformTarget)\BizTeleworkUpdaterRpc_c.cpp">
      <Filter>BizTelework\Source Files\gen</Filter>
    </ClCompile>
    <ClCompile Include="..\BizTelework\BizTeleworkToastNotificationHandler.cpp">
      <Filter>BizTelework\Source Files</Filter>
    </ClCompile>
    <ClCompile Include="..\BizTelework\BizTeleworkWorkDayTargetDialog.cpp">
      <Filter>BizTelework\Source Files</Filter>
    </ClCompile>
  </ItemGroup>
  <ItemGroup>
    <ClInclude Include="pch.h">
      <Filter>Header Files</Filter>
    </ClInclude>
    <ClInclude Include="resource.h">
      <Filter>Header Files</Filter>
    </ClInclude>
    <ClInclude Include="Mock.h">
      <Filter>Header Files</Filter>
    </ClInclude>
    <ClInclude Include="WinAppForTest.h">
      <Filter>Header Files</Filter>
    </ClInclude>
    <ClInclude Include="..\BizTelework\BizTeleworkUpdaterRpcClient.h">
      <Filter>Header Files</Filter>
    </ClInclude>
    <ClInclude Include="..\BizTelework\BizTeleworkUpdaterRpcClientInterface.h">
      <Filter>Header Files</Filter>
    </ClInclude>
    <ClInclude Include="..\BizTelework\BizTeleworkUpdaterRpcTaskRunner.h">
      <Filter>Header Files</Filter>
    </ClInclude>
    <ClInclude Include="..\BizTeleworkUpdaterRpc\gen\$(PlatformTarget)\BizTeleworkUpdaterRpc_h.h">
      <Filter>Header Files\gen</Filter>
    </ClInclude>
  </ItemGroup>
  <ItemGroup>
    <ResourceCompile Include="..\BizTelework\BizTelework.rc">
      <Filter>Resource Files</Filter>
    </ResourceCompile>
  </ItemGroup>
</Project>