<?xml version="1.0" encoding="utf-8"?>
<Project ToolsVersion="4.0" xmlns="http://schemas.microsoft.com/developer/msbuild/2003">
  <ItemGroup>
    <Filter Include="Source Files">
      <UniqueIdentifier>{4FC737F1-C7A5-4376-A066-2A32D752A2FF}</UniqueIdentifier>
      <Extensions>cpp;c;cc;cxx;def;odl;idl;hpj;bat;asm;asmx</Extensions>
    </Filter>
    <Filter Include="Header Files">
      <UniqueIdentifier>{93995380-89BD-4b04-88EB-625FBE52EBFB}</UniqueIdentifier>
      <Extensions>h;hh;hpp;hxx;hm;inl;inc;xsd</Extensions>
    </Filter>
    <Filter Include="Resource Files">
      <UniqueIdentifier>{67DA6AB6-F800-4c08-8B7A-83BB121AAD01}</UniqueIdentifier>
      <Extensions>rc;ico;cur;bmp;dlg;rc2;rct;bin;rgs;gif;jpg;jpeg;jpe;resx;tiff;tif;png;wav;mfcribbon-ms</Extensions>
    </Filter>
    <Filter Include="Source Files\BizTeleworkDialog">
      <UniqueIdentifier>{bdab537e-dbb1-423a-976b-8bd705c21f67}</UniqueIdentifier>
    </Filter>
    <Filter Include="Header Files\BizTeleworkDialog">
      <UniqueIdentifier>{b30423f8-e22d-44a6-ab76-814475d6f395}</UniqueIdentifier>
    </Filter>
    <Filter Include="Header Files\BizTelework">
      <UniqueIdentifier>{e59bfb59-0498-476d-bc04-41ceb5214a1f}</UniqueIdentifier>
    </Filter>
    <Filter Include="Source Files\BizTelework">
      <UniqueIdentifier>{89b65708-ab3d-4790-8bdd-504ea047d115}</UniqueIdentifier>
    </Filter>
    <Filter Include="Header Files\gen">
      <UniqueIdentifier>{97d4d529-f43b-4b76-90a1-f3139edbc87f}</UniqueIdentifier>
    </Filter>
    <Filter Include="Source Files\gen">
      <UniqueIdentifier>{912b2171-ba10-4896-a761-8072b14313e3}</UniqueIdentifier>
    </Filter>
  </ItemGroup>
  <ItemGroup>
    <ClInclude Include="stdafx.h">
      <Filter>Header Files</Filter>
    </ClInclude>
    <ClInclude Include="targetver.h">
      <Filter>Header Files</Filter>
    </ClInclude>
    <ClInclude Include="Resource.h">
      <Filter>Header Files</Filter>
    </ClInclude>
    <ClInclude Include="WorkerThread.h">
      <Filter>Header Files</Filter>
    </ClInclude>
    <ClInclude Include="BizTeleworkInterval.h">
      <Filter>Header Files</Filter>
    </ClInclude>
    <ClInclude Include="BizTeleworkMainWindow.h">
      <Filter>Header Files</Filter>
    </ClInclude>
    <ClInclude Include="BizTeleworkMainWindowDependency.h">
      <Filter>Header Files</Filter>
    </ClInclude>
    <ClInclude Include="BizTeleworkColor.h">
      <Filter>Header Files</Filter>
    </ClInclude>
    <ClInclude Include="BizTeleworkDimension.h">
      <Filter>Header Files</Filter>
    </ClInclude>
    <ClInclude Include="BizTeleworkDialogDependency.h">
      <Filter>Header Files\BizTeleworkDialog</Filter>
    </ClInclude>
    <ClInclude Include="BizTeleworkMessage.h">
      <Filter>Header Files</Filter>
    </ClInclude>
    <ClInclude Include="BizTeleworkDialogUtility.h">
      <Filter>Header Files\BizTeleworkDialog</Filter>
    </ClInclude>
    <ClInclude Include="BizTelework.h">
      <Filter>Header Files\BizTelework</Filter>
    </ClInclude>
    <ClInclude Include="BizTeleworkDependency.h">
      <Filter>Header Files\BizTelework</Filter>
    </ClInclude>
    <ClInclude Include="CompatApi.h">
      <Filter>Header Files</Filter>
    </ClInclude>
    <ClInclude Include="BizTeleworkOffDutyDialog.h">
      <Filter>Header Files\BizTeleworkDialog</Filter>
    </ClInclude>
    <ClInclude Include="BizTeleworkOnDutyDialog.h">
      <Filter>Header Files\BizTeleworkDialog</Filter>
    </ClInclude>
    <ClInclude Include="BizTeleworkFailedCallApiDialog.h">
      <Filter>Header Files\BizTeleworkDialog</Filter>
    </ClInclude>
    <ClInclude Include="BizTeleworkHealthStatusDialog.h">
      <Filter>Header Files\BizTeleworkDialog</Filter>
    </ClInclude>
    <ClInclude Include="BizTeleworkDayOffVerifyDialog.h">
      <Filter>Header Files\BizTeleworkDialog</Filter>
    </ClInclude>
    <ClInclude Include="BizTeleworkAuthenticationDialog.h">
      <Filter>Header Files\BizTeleworkDialog</Filter>
    </ClInclude>
    <ClInclude Include="..\BizTeleworkUpdaterRpc\gen\$(PlatformTarget)\BizTeleworkUpdaterRpc_h.h">
      <Filter>Header Files\gen</Filter>
    </ClInclude>
    <ClInclude Include="BizTeleworkUpdaterRpcClient.h">
      <Filter>Header Files</Filter>
    </ClInclude>
    <ClInclude Include="BizTeleworkUpdaterRpcTaskRunner.h">
      <Filter>Header Files</Filter>
    </ClInclude>
    <ClInclude Include="BizTeleworkUpdaterRpcClientInterface.h">
      <Filter>Header Files</Filter>
    </ClInclude>
    <ClInclude Include="CopyDataForAuthenticationUri.h">
      <Filter>Header Files</Filter>
    </ClInclude>
    <ClInclude Include="BizTeleworkToastNotificationHandler.h">
      <Filter>Header Files</Filter>
    </ClInclude>
    <ClInclude Include="BizTeleworkWorkDayTargetDialog.h">
      <Filter>Header Files\BizTeleworkDialog</Filter>
    </ClInclude>
  </ItemGroup>
  <ItemGroup>
    <ClCompile Include="stdafx.cpp">
      <Filter>Source Files</Filter>
    </ClCompile>
    <ClCompile Include="BizTeleworkMainWindow.cpp">
      <Filter>Source Files</Filter>
    </ClCompile>
    <ClCompile Include="BizTeleworkMainWindowDependency.cpp">
      <Filter>Source Files</Filter>
    </ClCompile>
    <ClCompile Include="BizTeleworkDialogDependency.cpp">
      <Filter>Source Files\BizTeleworkDialog</Filter>
    </ClCompile>
    <ClCompile Include="BizTeleworkDialogUtility.cpp">
      <Filter>Source Files\BizTeleworkDialog</Filter>
    </ClCompile>
    <ClCompile Include="BizTelework.cpp">
      <Filter>Source Files\BizTelework</Filter>
    </ClCompile>
    <ClCompile Include="BizTeleworkDependency.cpp">
      <Filter>Source Files\BizTelework</Filter>
    </ClCompile>
    <ClCompile Include="CompatApi.cpp">
      <Filter>Source Files</Filter>
    </ClCompile>
    <ClCompile Include="BizTeleworkOnDutyDialog.cpp">
      <Filter>Source Files\BizTeleworkDialog</Filter>
    </ClCompile>
    <ClCompile Include="BizTeleworkOffDutyDialog.cpp">
      <Filter>Source Files\BizTeleworkDialog</Filter>
    </ClCompile>
    <ClCompile Include="BizTeleworkFailedCallApiDialog.cpp">
      <Filter>Source Files\BizTeleworkDialog</Filter>
    </ClCompile>
    <ClCompile Include="BizTeleworkHealthStatusDialog.cpp">
      <Filter>Source Files\BizTeleworkDialog</Filter>
    </ClCompile>
    <ClCompile Include="BizTeleworkDayOffVerifyDialog.cpp">
      <Filter>Source Files\BizTeleworkDialog</Filter>
    </ClCompile>
    <ClCompile Include="BizTeleworkInterval.cpp">
      <Filter>Source Files</Filter>
    </ClCompile>
    <ClCompile Include="BizTeleworkAuthenticationDialog.cpp">
      <Filter>Source Files\BizTeleworkDialog</Filter>
    </ClCompile>
    <ClCompile Include="BizTeleworkUpdaterRpcClient.cpp">
      <Filter>Source Files</Filter>
    </ClCompile>
    <ClCompile Include="..\BizTeleworkUpdaterRpc\gen\$(PlatformTarget)\BizTeleworkUpdaterRpc_c.cpp">
      <Filter>Source Files\gen</Filter>
    </ClCompile>
    <ClCompile Include="BizTeleworkUpdaterRpcTaskRunner.cpp">
      <Filter>Source Files</Filter>
    </ClCompile>
    <ClCompile Include="BizTeleworkToastNotificationHandler.cpp">
      <Filter>Source Files</Filter>
    </ClCompile>
    <ClCompile Include="BizTeleworkWorkDayTargetDialog.cpp">
      <Filter>Source Files\BizTeleworkDialog</Filter>
    </ClCompile>
  </ItemGroup>
  <ItemGroup>
    <ResourceCompile Include="BizTelework.rc">
      <Filter>Resource Files</Filter>
    </ResourceCompile>
  </ItemGroup>
  <ItemGroup>
    <None Include="res\BizTelework.rc2">
      <Filter>Resource Files</Filter>
    </None>
    <None Include="packages.config" />
  </ItemGroup>
  <ItemGroup>
    <Image Include="res\BizTelework.ico">
      <Filter>Resource Files</Filter>
    </Image>
    <Image Include="res\BizTelework.png">
      <Filter>Resource Files</Filter>
    </Image>
    <Image Include="res\ExpandMore.png">
      <Filter>Resource Files</Filter>
    </Image>
    <Image Include="res\ExpandLess.png">
      <Filter>Resource Files</Filter>
    </Image>
    <Image Include="res\Close.png">
      <Filter>Resource Files</Filter>
    </Image>
  </ItemGroup>
</Project>