<?xml version="1.0" encoding="utf-8"?>
<Project ToolsVersion="4.0" xmlns="http://schemas.microsoft.com/developer/msbuild/2003">
  <ItemGroup>
    <Filter Include="Source Files">
      <UniqueIdentifier>{4FC737F1-C7A5-4376-A066-2A32D752A2FF}</UniqueIdentifier>
      <Extensions>cpp;c;cc;cxx;c++;def;odl;idl;hpj;bat;asm;asmx</Extensions>
    </Filter>
    <Filter Include="Header Files">
      <UniqueIdentifier>{93995380-89BD-4b04-88EB-625FBE52EBFB}</UniqueIdentifier>
      <Extensions>h;hh;hpp;hxx;h++;hm;inl;inc;ipp;xsd</Extensions>
    </Filter>
    <Filter Include="Resource Files">
      <UniqueIdentifier>{67DA6AB6-F800-4c08-8B7A-83BB121AAD01}</UniqueIdentifier>
      <Extensions>rc;ico;cur;bmp;dlg;rc2;rct;bin;rgs;gif;jpg;jpeg;jpe;resx;tiff;tif;png;wav;mfcribbon-ms</Extensions>
    </Filter>
    <Filter Include="Header Files\gen">
      <UniqueIdentifier>{39a5a42c-f823-45db-b842-820120ad13ea}</UniqueIdentifier>
    </Filter>
    <Filter Include="Source Files\gen">
      <UniqueIdentifier>{5c4a8cce-d85b-41a3-a3a3-5cd9a8b4d895}</UniqueIdentifier>
    </Filter>
  </ItemGroup>
  <ItemGroup>
    <ClCompile Include="main.cpp">
      <Filter>Source Files</Filter>
    </ClCompile>
    <ClCompile Include="..\BizTeleworkUpdater\UpdaterService.cpp">
      <Filter>Source Files</Filter>
    </ClCompile>
    <ClCompile Include="..\BizTeleworkUpdater\UpdaterServiceMain.cpp">
      <Filter>Source Files</Filter>
    </ClCompile>
    <ClCompile Include="TestUpdaterServiceMain.cpp">
      <Filter>Source Files</Filter>
    </ClCompile>
    <ClCompile Include="TestUpdaterService.cpp">
      <Filter>Source Files</Filter>
    </ClCompile>
    <ClCompile Include="TestUpdaterChecker.cpp">
      <Filter>Source Files</Filter>
    </ClCompile>
    <ClCompile Include="..\BizTeleworkUpdater\UpdateChecker.cpp">
      <Filter>Source Files</Filter>
    </ClCompile>
    <ClCompile Include="..\BizTeleworkUpdater\AppVersion.cpp">
      <Filter>Source Files</Filter>
    </ClCompile>
    <ClCompile Include="TestAppVersion.cpp">
      <Filter>Source Files</Filter>
    </ClCompile>
    <ClCompile Include="..\BizTeleworkUpdater\UpdateProcess.cpp">
      <Filter>Source Files</Filter>
    </ClCompile>
    <ClCompile Include="TestUpdateProcess.cpp">
      <Filter>Source Files</Filter>
    </ClCompile>
    <ClCompile Include="..\BizTeleworkUpdater\ConfigUtility.cpp">
      <Filter>Source Files</Filter>
    </ClCompile>
    <ClCompile Include="..\BizTeleworkUpdater\InstallerFetcher.cpp">
      <Filter>Source Files</Filter>
    </ClCompile>
    <ClCompile Include="TestInstallerFetcher.cpp">
      <Filter>Source Files</Filter>
    </ClCompile>
    <ClCompile Include="..\BizTeleworkUpdater\PaceMaker.cpp">
      <Filter>Source Files</Filter>
    </ClCompile>
    <ClCompile Include="TestPaceMaker.cpp">
      <Filter>Source Files</Filter>
    </ClCompile>
    <ClCompile Include="..\BizTeleworkUpdater\InstallerValidator.cpp">
      <Filter>Source Files</Filter>
    </ClCompile>
    <ClCompile Include="TestInstallerValidator.cpp">
      <Filter>Source Files</Filter>
    </ClCompile>
    <ClCompile Include="..\BizTeleworkUpdater\InstallerExecutor.cpp">
      <Filter>Source Files</Filter>
    </ClCompile>
    <ClCompile Include="TestInstallerExecutor.cpp">
      <Filter>Source Files</Filter>
    </ClCompile>
    <ClCompile Include="UtilityForTest.cpp">
      <Filter>Source Files</Filter>
    </ClCompile>
    <ClCompile Include="..\BizTeleworkUpdater\AppExecutionCondition.cpp">
      <Filter>Source Files</Filter>
    </ClCompile>
    <ClCompile Include="..\BizTeleworkUpdater\AppExecutor.cpp">
      <Filter>Source Files</Filter>
    </ClCompile>
    <ClCompile Include="..\BizTeleworkUpdater\SessionEnumerator.cpp">
      <Filter>Source Files</Filter>
    </ClCompile>
    <ClCompile Include="TestAppExecutor.cpp">
      <Filter>Source Files</Filter>
    </ClCompile>
    <ClCompile Include="TestAppExecutionCondition.cpp">
      <Filter>Source Files</Filter>
    </ClCompile>
    <ClCompile Include="TestSessionEnumerator.cpp">
      <Filter>Source Files</Filter>
    </ClCompile>
    <ClCompile Include="..\BizTeleworkUpdater\BizTeleworkUpdaterRpcServer.cpp">
      <Filter>Source Files</Filter>
    </ClCompile>
    <ClCompile Include="..\BizTeleworkUpdaterRpc\gen\$(PlatformTarget)\BizTeleworkUpdaterRpc_s.cpp">
      <Filter>Source Files\gen</Filter>
    </ClCompile>
  </ItemGroup>
  <ItemGroup>
    <ClInclude Include="..\BizTeleworkUpdater\UpdaterService.h">
      <Filter>Header Files</Filter>
    </ClInclude>
    <ClInclude Include="..\BizTeleworkUpdater\UpdaterServiceInterface.h">
      <Filter>Header Files</Filter>
    </ClInclude>
    <ClInclude Include="..\BizTeleworkUpdater\UpdaterServiceMain.h">
      <Filter>Header Files</Filter>
    </ClInclude>
    <ClInclude Include="Mock.h">
      <Filter>Header Files</Filter>
    </ClInclude>
    <ClInclude Include="..\BizTeleworkUpdater\UpdateChecker.h">
      <Filter>Header Files</Filter>
    </ClInclude>
    <ClInclude Include="..\BizTeleworkUpdater\AppVersion.h">
      <Filter>Header Files</Filter>
    </ClInclude>
    <ClInclude Include="..\BizTeleworkUpdater\UpdateProcess.h">
      <Filter>Header Files</Filter>
    </ClInclude>
    <ClInclude Include="..\BizTeleworkUpdater\ConfigUtility.h">
      <Filter>Header Files</Filter>
    </ClInclude>
    <ClInclude Include="..\BizTeleworkUpdater\InstallerFetcher.h">
      <Filter>Header Files</Filter>
    </ClInclude>
    <ClInclude Include="..\BizTeleworkUpdater\PaceMaker.h">
      <Filter>Header Files</Filter>
    </ClInclude>
    <ClInclude Include="..\BizTeleworkUpdater\InstallerValidator.h">
      <Filter>Header Files</Filter>
    </ClInclude>
    <ClInclude Include="..\BizTeleworkUpdater\InstallerExecutor.h">
      <Filter>Header Files</Filter>
    </ClInclude>
    <ClInclude Include="UtilityForTest.h">
      <Filter>Header Files</Filter>
    </ClInclude>
    <ClInclude Include="..\BizTeleworkUpdater\AppExecutionCondition.h">
      <Filter>Header Files</Filter>
    </ClInclude>
    <ClInclude Include="..\BizTeleworkUpdater\AppExecutor.h">
      <Filter>Header Files</Filter>
    </ClInclude>
    <ClInclude Include="..\BizTeleworkUpdater\SessionEnumerator.h">
      <Filter>Header Files</Filter>
    </ClInclude>
    <ClInclude Include="..\BizTeleworkUpdater\BizTeleworkUpdaterRpcServer.h">
      <Filter>Header Files</Filter>
    </ClInclude>
    <ClInclude Include="..\BizTeleworkUpdaterRpc\gen\$(PlatformTarget)\BizTeleworkUpdaterRpc_h.h">
      <Filter>Header Files\gen</Filter>
    </ClInclude>
  </ItemGroup>
</Project>