<?xml version="1.0" encoding="utf-8"?>
<Project ToolsVersion="4.0" xmlns="http://schemas.microsoft.com/developer/msbuild/2003">
  <ItemGroup>
    <Filter Include="Source Files">
      <UniqueIdentifier>{4FC737F1-C7A5-4376-A066-2A32D752A2FF}</UniqueIdentifier>
      <Extensions>cpp;c;cc;cxx;c++;def;odl;idl;hpj;bat;asm;asmx</Extensions>
    </Filter>
    <Filter Include="Header Files">
      <UniqueIdentifier>{93995380-89BD-4b04-88EB-625FBE52EBFB}</UniqueIdentifier>
      <Extensions>h;hh;hpp;hxx;h++;hm;inl;inc;ipp;xsd</Extensions>
    </Filter>
    <Filter Include="Resource Files">
      <UniqueIdentifier>{67DA6AB6-F800-4c08-8B7A-83BB121AAD01}</UniqueIdentifier>
      <Extensions>rc;ico;cur;bmp;dlg;rc2;rct;bin;rgs;gif;jpg;jpeg;jpe;resx;tiff;tif;png;wav;mfcribbon-ms</Extensions>
    </Filter>
    <Filter Include="Source Files\gen">
      <UniqueIdentifier>{53a05b8e-7bbd-43f8-acc3-b0ca3e92aa99}</UniqueIdentifier>
    </Filter>
    <Filter Include="Header Files\gen">
      <UniqueIdentifier>{3a242e64-fe7a-42d1-8e6c-f017c81c0e97}</UniqueIdentifier>
    </Filter>
  </ItemGroup>
  <ItemGroup>
    <ClInclude Include="framework.h">
      <Filter>Header Files</Filter>
    </ClInclude>
    <ClInclude Include="targetver.h">
      <Filter>Header Files</Filter>
    </ClInclude>
    <ClInclude Include="Resource.h">
      <Filter>Header Files</Filter>
    </ClInclude>
    <ClInclude Include="BizTeleworkUpdater.h">
      <Filter>Header Files</Filter>
    </ClInclude>
    <ClInclude Include="pch.h">
      <Filter>Header Files</Filter>
    </ClInclude>
    <ClInclude Include="UpdaterService.h">
      <Filter>Header Files</Filter>
    </ClInclude>
    <ClInclude Include="UpdaterServiceMain.h">
      <Filter>Header Files</Filter>
    </ClInclude>
    <ClInclude Include="UpdaterServiceInterface.h">
      <Filter>Header Files</Filter>
    </ClInclude>
    <ClInclude Include="UpdateChecker.h">
      <Filter>Header Files</Filter>
    </ClInclude>
    <ClInclude Include="AppVersion.h">
      <Filter>Header Files</Filter>
    </ClInclude>
    <ClInclude Include="UpdateProcess.h">
      <Filter>Header Files</Filter>
    </ClInclude>
    <ClInclude Include="InstallerFetcher.h">
      <Filter>Header Files</Filter>
    </ClInclude>
    <ClInclude Include="ConfigUtility.h">
      <Filter>Header Files</Filter>
    </ClInclude>
    <ClInclude Include="PaceMaker.h">
      <Filter>Header Files</Filter>
    </ClInclude>
    <ClInclude Include="InstallerValidator.h">
      <Filter>Header Files</Filter>
    </ClInclude>
    <ClInclude Include="InstallerExecutor.h">
      <Filter>Header Files</Filter>
    </ClInclude>
    <ClInclude Include="AppExecutor.h">
      <Filter>Header Files</Filter>
    </ClInclude>
    <ClInclude Include="AppExecutionCondition.h">
      <Filter>Header Files</Filter>
    </ClInclude>
    <ClInclude Include="SessionEnumerator.h">
      <Filter>Header Files</Filter>
    </ClInclude>
    <ClInclude Include="BizTeleworkUpdaterRpcServer.h">
      <Filter>Header Files</Filter>
    </ClInclude>
    <ClInclude Include="..\BizTeleworkUpdaterRpc\gen\$(PlatformTarget)\BizTeleworkUpdaterRpc_h.h">
      <Filter>Header Files\gen</Filter>
    </ClInclude>
    <ClInclude Include="FetchingTaskInterface.h">
      <Filter>Header Files</Filter>
    </ClInclude>
  </ItemGroup>
  <ItemGroup>
    <ClCompile Include="BizTeleworkUpdater.cpp">
      <Filter>Source Files</Filter>
    </ClCompile>
    <ClCompile Include="pch.cpp">
      <Filter>Source Files</Filter>
    </ClCompile>
    <ClCompile Include="UpdaterService.cpp">
      <Filter>Source Files</Filter>
    </ClCompile>
    <ClCompile Include="UpdaterServiceMain.cpp">
      <Filter>Source Files</Filter>
    </ClCompile>
    <ClCompile Include="UpdateChecker.cpp">
      <Filter>Source Files</Filter>
    </ClCompile>
    <ClCompile Include="AppVersion.cpp">
      <Filter>Source Files</Filter>
    </ClCompile>
    <ClCompile Include="UpdateProcess.cpp">
      <Filter>Source Files</Filter>
    </ClCompile>
    <ClCompile Include="InstallerFetcher.cpp">
      <Filter>Source Files</Filter>
    </ClCompile>
    <ClCompile Include="ConfigUtility.cpp">
      <Filter>Source Files</Filter>
    </ClCompile>
    <ClCompile Include="PaceMaker.cpp">
      <Filter>Source Files</Filter>
    </ClCompile>
    <ClCompile Include="InstallerValidator.cpp">
      <Filter>Source Files</Filter>
    </ClCompile>
    <ClCompile Include="InstallerExecutor.cpp">
      <Filter>Source Files</Filter>
    </ClCompile>
    <ClCompile Include="AppExecutor.cpp">
      <Filter>Source Files</Filter>
    </ClCompile>
    <ClCompile Include="AppExecutionCondition.cpp">
      <Filter>Source Files</Filter>
    </ClCompile>
    <ClCompile Include="SessionEnumerator.cpp">
      <Filter>Source Files</Filter>
    </ClCompile>
    <ClCompile Include="BizTeleworkUpdaterRpcServer.cpp">
      <Filter>Source Files</Filter>
    </ClCompile>
    <ClCompile Include="..\BizTeleworkUpdaterRpc\gen\$(PlatformTarget)\BizTeleworkUpdaterRpc_s.cpp">
      <Filter>Source Files\gen</Filter>
    </ClCompile>
  </ItemGroup>
  <ItemGroup>
    <ResourceCompile Include="BizTeleworkUpdater.rc">
      <Filter>Resource Files</Filter>
    </ResourceCompile>
  </ItemGroup>
  <ItemGroup>
    <Image Include="BizTeleworkUpdater.ico">
      <Filter>Resource Files</Filter>
    </Image>
  </ItemGroup>
</Project>